
Microsoft Visual Studio Solution File, Format Version 12.00
# Visual Studio Version 17
VisualStudioVersion = 17.7.34024.191
MinimumVisualStudioVersion = 10.0.40219.1
Project("{FAE04EC0-301F-11D3-BF4B-00C04F79EFBC}") = "LibraryApp", "LibraryApp\LibraryApp.csproj", "{FEEEEFCD-04DF-4AE9-85AB-F4DAA0A02849}"
EndProject
Global
	GlobalSection(SolutionConfigurationPlatforms) = preSolution
		Debug|Any CPU = Debug|Any CPU
		Release|Any CPU = Release|Any CPU
	EndGlobalSection
	GlobalSection(ProjectConfigurationPlatforms) = postSolution
		{FEEEEFCD-04DF-4AE9-85AB-F4DAA0A02849}.Debug|Any CPU.ActiveCfg = Debug|Any CPU
		{FEEEEFCD-04DF-4AE9-85AB-F4DAA0A02849}.Debug|Any CPU.Build.0 = Debug|Any CPU
		{FEEEEFCD-04DF-4AE9-85AB-F4DAA0A02849}.Release|Any CPU.ActiveCfg = Release|Any CPU
		{FEEEEFCD-04DF-4AE9-85AB-F4DAA0A02849}.Release|Any CPU.Build.0 = Release|Any CPU
	EndGlobalSection
	GlobalSection(SolutionProperties) = preSolution
		HideSolutionNode = FALSE
	EndGlobalSection
	GlobalSection(ExtensibilityGlobals) = postSolution
		SolutionGuid = {975709B4-2772-4754-97CA-23AB15C0A058}
	EndGlobalSection
EndGlobal
